<?xml version="1.0" encoding="UTF-8" standalone="yes" ?>
<CodeBlocks_project_file>
	<FileVersion major="1" minor="6" />
	<Project>
		<Option title="Malvader_bank" />
		<Option pch_mode="2" />
		<Option compiler="gcc" />
		<Build>
			<Target title="default">
				<Option output="Malvader_bank" prefix_auto="1" extension_auto="1" />
				<Option type="1" />
				<Option compiler="gcc" />
			</Target>
		</Build>
		<Unit filename="contas.txt" />
		<Unit filename="destinador.h">
			<Option compilerVar="CC" />
		</Unit>
		<Unit filename="main.cpp">
			<Option compilerVar="CC" />
		</Unit>
		<Unit filename="start.cpp">
			<Option compilerVar="CC" />
		</Unit>
		<Unit filename="stylebank.cpp">
			<Option compilerVar="CC" />
		</Unit>
		<Unit filename="verify.cpp">
			<Option compilerVar="CC" />
		</Unit>
		<Extensions />
	</Project>
</CodeBlocks_project_file>
